schema: '2.0'
stages:
  preprocess:
    cmd: python src/preprocess.py
    deps:
    - path: data/raw_dataset.csv
      hash: md5
      md5: 3c6141f970c5aac157ced82531f532b2
      size: 4487
    - path: src/preprocess.py
      hash: md5
      md5: 6c6791cde8d774b52142497d754d7364
      size: 176
    outs:
    - path: data/processed_dataset.csv
      hash: md5
      md5: decf22cfedbf5abe122e0795da2767c9
      size: 4788
  feature_engineering:
    cmd: python src/features.py
    deps:
    - path: data/processed_dataset.csv
      hash: md5
      md5: decf22cfedbf5abe122e0795da2767c9
      size: 4788
    - path: src/features.py
      hash: md5
      md5: c88f652d065aeeef2a1f417b8a177f49
      size: 394
    outs:
    - path: data/features.csv
      hash: md5
      md5: 75966906444538d9d49852132dd2c7a8
      size: 5782
  train:
    cmd: python src/train.py
    deps:
    - path: data/features.csv
      hash: md5
      md5: 75966906444538d9d49852132dd2c7a8
      size: 5782
    - path: src/train.py
      hash: md5
      md5: 6977847153cec465c81869ef01920e06
      size: 1901
    outs:
    - path: models/model.pkl
      hash: md5
      md5: d324cbec8b37395af8cdd6c128c92f33
      size: 865081
  evaluate:
    cmd: python src/evaluate.py
    deps:
    - path: models/model.pkl
      hash: md5
      md5: d324cbec8b37395af8cdd6c128c92f33
      size: 865081
    - path: src/evaluate.py
      hash: md5
      md5: 97a98aa5afd999d79a3e3c4436a8e2ef
      size: 617
    outs:
    - path: metrics.txt
      hash: md5
      md5: 69a715bd9936a566659e74e5b2b1c1aa
      size: 30
